// !$*UTF8*$!
{
	archiveVersion = 1;
	classes = {
	};
	objectVersion = 46;
	objects = {

/* Begin PBXBuildFile section */
		49B0876C1AA1889700147015 /* main.m in Sources */ = {isa = PBXBuildFile; fileRef = 49B0876B1AA1889700147015 /* main.m */; };
		49B0876F1AA1889700147015 /* AppDelegate.m in Sources */ = {isa = PBXBuildFile; fileRef = 49B0876E1AA1889700147015 /* AppDelegate.m */; };
		49B087721AA1889700147015 /* Surveyor.xcdatamodeld in Sources */ = {isa = PBXBuildFile; fileRef = 49B087701AA1889700147015 /* Surveyor.xcdatamodeld */; };
		49B087751AA1889700147015 /* ViewController.m in Sources */ = {isa = PBXBuildFile; fileRef = 49B087741AA1889700147015 /* ViewController.m */; };
		49B087781AA1889700147015 /* Main.storyboard in Resources */ = {isa = PBXBuildFile; fileRef = 49B087761AA1889700147015 /* Main.storyboard */; };
		49B0877A1AA1889700147015 /* Images.xcassets in Resources */ = {isa = PBXBuildFile; fileRef = 49B087791AA1889700147015 /* Images.xcassets */; };
		49B0877D1AA1889700147015 /* LaunchScreen.xib in Resources */ = {isa = PBXBuildFile; fileRef = 49B0877B1AA1889700147015 /* LaunchScreen.xib */; };
		49B087891AA1889700147015 /* SurveyorTests.m in Sources */ = {isa = PBXBuildFile; fileRef = 49B087881AA1889700147015 /* SurveyorTests.m */; };
		49B087CE1AA188B000147015 /* libMapbox.a in Frameworks */ = {isa = PBXBuildFile; fileRef = 49B087CC1AA188B000147015 /* libMapbox.a */; };
		49B087CF1AA188B000147015 /* Mapbox.bundle in Resources */ = {isa = PBXBuildFile; fileRef = 49B087CD1AA188B000147015 /* Mapbox.bundle */; };
		49B087D41AA188DF00147015 /* GpsInterface.m in Sources */ = {isa = PBXBuildFile; fileRef = 49B087D11AA188DF00147015 /* GpsInterface.m */; };
		49B087D51AA188DF00147015 /* GpsLocation.m in Sources */ = {isa = PBXBuildFile; fileRef = 49B087D31AA188DF00147015 /* GpsLocation.m */; };
		49B087D71AA1899200147015 /* libsqlite3.dylib in Frameworks */ = {isa = PBXBuildFile; fileRef = 49B087D61AA1899200147015 /* libsqlite3.dylib */; };
/* End PBXBuildFile section */

/* Begin PBXContainerItemProxy section */
		49B087831AA1889700147015 /* PBXContainerItemProxy */ = {
			isa = PBXContainerItemProxy;
			containerPortal = 49B0875E1AA1889600147015 /* Project object */;
			proxyType = 1;
			remoteGlobalIDString = 49B087651AA1889600147015;
			remoteInfo = Surveyor;
		};
/* End PBXContainerItemProxy section */

/* Begin PBXFileReference section */
		49B087661AA1889600147015 /* Surveyor.app */ = {isa = PBXFileReference; explicitFileType = wrapper.application; includeInIndex = 0; path = Surveyor.app; sourceTree = BUILT_PRODUCTS_DIR; };
		49B0876A1AA1889600147015 /* Info.plist */ = {isa = PBXFileReference; lastKnownFileType = text.plist.xml; path = Info.plist; sourceTree = "<group>"; };
		49B0876B1AA1889700147015 /* main.m */ = {isa = PBXFileReference; lastKnownFileType = sourcecode.c.objc; path = main.m; sourceTree = "<group>"; };
		49B0876D1AA1889700147015 /* AppDelegate.h */ = {isa = PBXFileReference; lastKnownFileType = sourcecode.c.h; path = AppDelegate.h; sourceTree = "<group>"; };
		49B0876E1AA1889700147015 /* AppDelegate.m */ = {isa = PBXFileReference; lastKnownFileType = sourcecode.c.objc; path = AppDelegate.m; sourceTree = "<group>"; };
		49B087711AA1889700147015 /* Surveyor.xcdatamodel */ = {isa = PBXFileReference; lastKnownFileType = wrapper.xcdatamodel; path = Surveyor.xcdatamodel; sourceTree = "<group>"; };
		49B087731AA1889700147015 /* ViewController.h */ = {isa = PBXFileReference; lastKnownFileType = sourcecode.c.h; path = ViewController.h; sourceTree = "<group>"; };
		49B087741AA1889700147015 /* ViewController.m */ = {isa = PBXFileReference; lastKnownFileType = sourcecode.c.objc; path = ViewController.m; sourceTree = "<group>"; };
		49B087771AA1889700147015 /* Base */ = {isa = PBXFileReference; lastKnownFileType = file.storyboard; name = Base; path = Base.lproj/Main.storyboard; sourceTree = "<group>"; };
		49B087791AA1889700147015 /* Images.xcassets */ = {isa = PBXFileReference; lastKnownFileType = folder.assetcatalog; path = Images.xcassets; sourceTree = "<group>"; };
		49B0877C1AA1889700147015 /* Base */ = {isa = PBXFileReference; lastKnownFileType = file.xib; name = Base; path = Base.lproj/LaunchScreen.xib; sourceTree = "<group>"; };
		49B087821AA1889700147015 /* SurveyorTests.xctest */ = {isa = PBXFileReference; explicitFileType = wrapper.cfbundle; includeInIndex = 0; path = SurveyorTests.xctest; sourceTree = BUILT_PRODUCTS_DIR; };
		49B087871AA1889700147015 /* Info.plist */ = {isa = PBXFileReference; lastKnownFileType = text.plist.xml; path = Info.plist; sourceTree = "<group>"; };
		49B087881AA1889700147015 /* SurveyorTests.m */ = {isa = PBXFileReference; lastKnownFileType = sourcecode.c.objc; path = SurveyorTests.m; sourceTree = "<group>"; };
		49B087941AA188B000147015 /* Mapbox.h */ = {isa = PBXFileReference; fileEncoding = 4; lastKnownFileType = sourcecode.c.h; path = Mapbox.h; sourceTree = "<group>"; };
		49B087951AA188B000147015 /* RMAbstractMercatorTileSource.h */ = {isa = PBXFileReference; fileEncoding = 4; lastKnownFileType = sourcecode.c.h; path = RMAbstractMercatorTileSource.h; sourceTree = "<group>"; };
		49B087961AA188B000147015 /* RMAbstractWebMapSource.h */ = {isa = PBXFileReference; fileEncoding = 4; lastKnownFileType = sourcecode.c.h; path = RMAbstractWebMapSource.h; sourceTree = "<group>"; };
		49B087971AA188B000147015 /* RMAnnotation.h */ = {isa = PBXFileReference; fileEncoding = 4; lastKnownFileType = sourcecode.c.h; path = RMAnnotation.h; sourceTree = "<group>"; };
		49B087981AA188B000147015 /* RMAttributionViewController.h */ = {isa = PBXFileReference; fileEncoding = 4; lastKnownFileType = sourcecode.c.h; path = RMAttributionViewController.h; sourceTree = "<group>"; };
		49B087991AA188B000147015 /* RMBingSource.h */ = {isa = PBXFileReference; fileEncoding = 4; lastKnownFileType = sourcecode.c.h; path = RMBingSource.h; sourceTree = "<group>"; };
		49B0879A1AA188B000147015 /* RMCacheObject.h */ = {isa = PBXFileReference; fileEncoding = 4; lastKnownFileType = sourcecode.c.h; path = RMCacheObject.h; sourceTree = "<group>"; };
		49B0879B1AA188B000147015 /* RMCircle.h */ = {isa = PBXFileReference; fileEncoding = 4; lastKnownFileType = sourcecode.c.h; path = RMCircle.h; sourceTree = "<group>"; };
		49B0879C1AA188B000147015 /* RMCircleAnnotation.h */ = {isa = PBXFileReference; fileEncoding = 4; lastKnownFileType = sourcecode.c.h; path = RMCircleAnnotation.h; sourceTree = "<group>"; };
		49B0879D1AA188B000147015 /* RMCompositeSource.h */ = {isa = PBXFileReference; fileEncoding = 4; lastKnownFileType = sourcecode.c.h; path = RMCompositeSource.h; sourceTree = "<group>"; };
		49B0879E1AA188B000147015 /* RMConfiguration.h */ = {isa = PBXFileReference; fileEncoding = 4; lastKnownFileType = sourcecode.c.h; path = RMConfiguration.h; sourceTree = "<group>"; };
		49B0879F1AA188B000147015 /* RMCoordinateGridSource.h */ = {isa = PBXFileReference; fileEncoding = 4; lastKnownFileType = sourcecode.c.h; path = RMCoordinateGridSource.h; sourceTree = "<group>"; };
		49B087A01AA188B000147015 /* RMDatabaseCache.h */ = {isa = PBXFileReference; fileEncoding = 4; lastKnownFileType = sourcecode.c.h; path = RMDatabaseCache.h; sourceTree = "<group>"; };
		49B087A11AA188B000147015 /* RMDBMapSource.h */ = {isa = PBXFileReference; fileEncoding = 4; lastKnownFileType = sourcecode.c.h; path = RMDBMapSource.h; sourceTree = "<group>"; };
		49B087A21AA188B000147015 /* RMFoundation.h */ = {isa = PBXFileReference; fileEncoding = 4; lastKnownFileType = sourcecode.c.h; path = RMFoundation.h; sourceTree = "<group>"; };
		49B087A31AA188B000147015 /* RMFractalTileProjection.h */ = {isa = PBXFileReference; fileEncoding = 4; lastKnownFileType = sourcecode.c.h; path = RMFractalTileProjection.h; sourceTree = "<group>"; };
		49B087A41AA188B000147015 /* RMGenericMapSource.h */ = {isa = PBXFileReference; fileEncoding = 4; lastKnownFileType = sourcecode.c.h; path = RMGenericMapSource.h; sourceTree = "<group>"; };
		49B087A51AA188B000147015 /* RMGlobalConstants.h */ = {isa = PBXFileReference; fileEncoding = 4; lastKnownFileType = sourcecode.c.h; path = RMGlobalConstants.h; sourceTree = "<group>"; };
		49B087A61AA188B000147015 /* RMGreatCircleAnnotation.h */ = {isa = PBXFileReference; fileEncoding = 4; lastKnownFileType = sourcecode.c.h; path = RMGreatCircleAnnotation.h; sourceTree = "<group>"; };
		49B087A71AA188B000147015 /* RMInteractiveSource.h */ = {isa = PBXFileReference; fileEncoding = 4; lastKnownFileType = sourcecode.c.h; path = RMInteractiveSource.h; sourceTree = "<group>"; };
		49B087A81AA188B000147015 /* RMLoadingTileView.h */ = {isa = PBXFileReference; fileEncoding = 4; lastKnownFileType = sourcecode.c.h; path = RMLoadingTileView.h; sourceTree = "<group>"; };
		49B087A91AA188B000147015 /* RMMapboxSource.h */ = {isa = PBXFileReference; fileEncoding = 4; lastKnownFileType = sourcecode.c.h; path = RMMapboxSource.h; sourceTree = "<group>"; };
		49B087AA1AA188B000147015 /* RMMapLayer.h */ = {isa = PBXFileReference; fileEncoding = 4; lastKnownFileType = sourcecode.c.h; path = RMMapLayer.h; sourceTree = "<group>"; };
		49B087AB1AA188B000147015 /* RMMapOverlayView.h */ = {isa = PBXFileReference; fileEncoding = 4; lastKnownFileType = sourcecode.c.h; path = RMMapOverlayView.h; sourceTree = "<group>"; };
		49B087AC1AA188B000147015 /* RMMapQuestOpenAerialSource.h */ = {isa = PBXFileReference; fileEncoding = 4; lastKnownFileType = sourcecode.c.h; path = RMMapQuestOpenAerialSource.h; sourceTree = "<group>"; };
		49B087AD1AA188B000147015 /* RMMapQuestOSMSource.h */ = {isa = PBXFileReference; fileEncoding = 4; lastKnownFileType = sourcecode.c.h; path = RMMapQuestOSMSource.h; sourceTree = "<group>"; };
		49B087AE1AA188B000147015 /* RMMapScrollView.h */ = {isa = PBXFileReference; fileEncoding = 4; lastKnownFileType = sourcecode.c.h; path = RMMapScrollView.h; sourceTree = "<group>"; };
		49B087AF1AA188B000147015 /* RMMapTiledLayerView.h */ = {isa = PBXFileReference; fileEncoding = 4; lastKnownFileType = sourcecode.c.h; path = RMMapTiledLayerView.h; sourceTree = "<group>"; };
		49B087B01AA188B000147015 /* RMMapView.h */ = {isa = PBXFileReference; fileEncoding = 4; lastKnownFileType = sourcecode.c.h; path = RMMapView.h; sourceTree = "<group>"; };
		49B087B11AA188B000147015 /* RMMapViewDelegate.h */ = {isa = PBXFileReference; fileEncoding = 4; lastKnownFileType = sourcecode.c.h; path = RMMapViewDelegate.h; sourceTree = "<group>"; };
		49B087B21AA188B000147015 /* RMMarker.h */ = {isa = PBXFileReference; fileEncoding = 4; lastKnownFileType = sourcecode.c.h; path = RMMarker.h; sourceTree = "<group>"; };
		49B087B31AA188B000147015 /* RMMBTilesSource.h */ = {isa = PBXFileReference; fileEncoding = 4; lastKnownFileType = sourcecode.c.h; path = RMMBTilesSource.h; sourceTree = "<group>"; };
		49B087B41AA188B000147015 /* RMMemoryCache.h */ = {isa = PBXFileReference; fileEncoding = 4; lastKnownFileType = sourcecode.c.h; path = RMMemoryCache.h; sourceTree = "<group>"; };
		49B087B51AA188B000147015 /* RMNotifications.h */ = {isa = PBXFileReference; fileEncoding = 4; lastKnownFileType = sourcecode.c.h; path = RMNotifications.h; sourceTree = "<group>"; };
		49B087B61AA188B000147015 /* RMOpenCycleMapSource.h */ = {isa = PBXFileReference; fileEncoding = 4; lastKnownFileType = sourcecode.c.h; path = RMOpenCycleMapSource.h; sourceTree = "<group>"; };
		49B087B71AA188B000147015 /* RMOpenSeaMapLayer.h */ = {isa = PBXFileReference; fileEncoding = 4; lastKnownFileType = sourcecode.c.h; path = RMOpenSeaMapLayer.h; sourceTree = "<group>"; };
		49B087B81AA188B000147015 /* RMOpenSeaMapSource.h */ = {isa = PBXFileReference; fileEncoding = 4; lastKnownFileType = sourcecode.c.h; path = RMOpenSeaMapSource.h; sourceTree = "<group>"; };
		49B087B91AA188B000147015 /* RMOpenStreetMapSource.h */ = {isa = PBXFileReference; fileEncoding = 4; lastKnownFileType = sourcecode.c.h; path = RMOpenStreetMapSource.h; sourceTree = "<group>"; };
		49B087BA1AA188B000147015 /* RMPixel.h */ = {isa = PBXFileReference; fileEncoding = 4; lastKnownFileType = sourcecode.c.h; path = RMPixel.h; sourceTree = "<group>"; };
		49B087BB1AA188B000147015 /* RMPointAnnotation.h */ = {isa = PBXFileReference; fileEncoding = 4; lastKnownFileType = sourcecode.c.h; path = RMPointAnnotation.h; sourceTree = "<group>"; };
		49B087BC1AA188B000147015 /* RMPolygonAnnotation.h */ = {isa = PBXFileReference; fileEncoding = 4; lastKnownFileType = sourcecode.c.h; path = RMPolygonAnnotation.h; sourceTree = "<group>"; };
		49B087BD1AA188B000147015 /* RMPolylineAnnotation.h */ = {isa = PBXFileReference; fileEncoding = 4; lastKnownFileType = sourcecode.c.h; path = RMPolylineAnnotation.h; sourceTree = "<group>"; };
		49B087BE1AA188B000147015 /* RMProjection.h */ = {isa = PBXFileReference; fileEncoding = 4; lastKnownFileType = sourcecode.c.h; path = RMProjection.h; sourceTree = "<group>"; };
		49B087BF1AA188B000147015 /* RMQuadTree.h */ = {isa = PBXFileReference; fileEncoding = 4; lastKnownFileType = sourcecode.c.h; path = RMQuadTree.h; sourceTree = "<group>"; };
		49B087C01AA188B000147015 /* RMShape.h */ = {isa = PBXFileReference; fileEncoding = 4; lastKnownFileType = sourcecode.c.h; path = RMShape.h; sourceTree = "<group>"; };
		49B087C11AA188B000147015 /* RMShapeAnnotation.h */ = {isa = PBXFileReference; fileEncoding = 4; lastKnownFileType = sourcecode.c.h; path = RMShapeAnnotation.h; sourceTree = "<group>"; };
		49B087C21AA188B000147015 /* RMStaticMapView.h */ = {isa = PBXFileReference; fileEncoding = 4; lastKnownFileType = sourcecode.c.h; path = RMStaticMapView.h; sourceTree = "<group>"; };
		49B087C31AA188B000147015 /* RMTile.h */ = {isa = PBXFileReference; fileEncoding = 4; lastKnownFileType = sourcecode.c.h; path = RMTile.h; sourceTree = "<group>"; };
		49B087C41AA188B000147015 /* RMTileCache.h */ = {isa = PBXFileReference; fileEncoding = 4; lastKnownFileType = sourcecode.c.h; path = RMTileCache.h; sourceTree = "<group>"; };
		49B087C51AA188B000147015 /* RMTileCacheDownloadOperation.h */ = {isa = PBXFileReference; fileEncoding = 4; lastKnownFileType = sourcecode.c.h; path = RMTileCacheDownloadOperation.h; sourceTree = "<group>"; };
		49B087C61AA188B000147015 /* RMTileImage.h */ = {isa = PBXFileReference; fileEncoding = 4; lastKnownFileType = sourcecode.c.h; path = RMTileImage.h; sourceTree = "<group>"; };
		49B087C71AA188B000147015 /* RMTileMillSource.h */ = {isa = PBXFileReference; fileEncoding = 4; lastKnownFileType = sourcecode.c.h; path = RMTileMillSource.h; sourceTree = "<group>"; };
		49B087C81AA188B000147015 /* RMTileSource.h */ = {isa = PBXFileReference; fileEncoding = 4; lastKnownFileType = sourcecode.c.h; path = RMTileSource.h; sourceTree = "<group>"; };
		49B087C91AA188B000147015 /* RMTileSourcesContainer.h */ = {isa = PBXFileReference; fileEncoding = 4; lastKnownFileType = sourcecode.c.h; path = RMTileSourcesContainer.h; sourceTree = "<group>"; };
		49B087CA1AA188B000147015 /* RMUserLocation.h */ = {isa = PBXFileReference; fileEncoding = 4; lastKnownFileType = sourcecode.c.h; path = RMUserLocation.h; sourceTree = "<group>"; };
		49B087CB1AA188B000147015 /* RMUserTrackingBarButtonItem.h */ = {isa = PBXFileReference; fileEncoding = 4; lastKnownFileType = sourcecode.c.h; path = RMUserTrackingBarButtonItem.h; sourceTree = "<group>"; };
		49B087CC1AA188B000147015 /* libMapbox.a */ = {isa = PBXFileReference; lastKnownFileType = archive.ar; path = libMapbox.a; sourceTree = "<group>"; };
		49B087CD1AA188B000147015 /* Mapbox.bundle */ = {isa = PBXFileReference; lastKnownFileType = "wrapper.plug-in"; path = Mapbox.bundle; sourceTree = "<group>"; };
		49B087D01AA188DF00147015 /* GpsInterface.h */ = {isa = PBXFileReference; fileEncoding = 4; lastKnownFileType = sourcecode.c.h; path = GpsInterface.h; sourceTree = "<group>"; };
		49B087D11AA188DF00147015 /* GpsInterface.m */ = {isa = PBXFileReference; fileEncoding = 4; lastKnownFileType = sourcecode.c.objc; path = GpsInterface.m; sourceTree = "<group>"; };
		49B087D21AA188DF00147015 /* GpsLocation.h */ = {isa = PBXFileReference; fileEncoding = 4; lastKnownFileType = sourcecode.c.h; path = GpsLocation.h; sourceTree = "<group>"; };
		49B087D31AA188DF00147015 /* GpsLocation.m */ = {isa = PBXFileReference; fileEncoding = 4; lastKnownFileType = sourcecode.c.objc; path = GpsLocation.m; sourceTree = "<group>"; };
		49B087D61AA1899200147015 /* libsqlite3.dylib */ = {isa = PBXFileReference; lastKnownFileType = "compiled.mach-o.dylib"; name = libsqlite3.dylib; path = usr/lib/libsqlite3.dylib; sourceTree = SDKROOT; };
/* End PBXFileReference section */

/* Begin PBXFrameworksBuildPhase section */
		49B087631AA1889600147015 /* Frameworks */ = {
			isa = PBXFrameworksBuildPhase;
			buildActionMask = 2147483647;
			files = (
				49B087D71AA1899200147015 /* libsqlite3.dylib in Frameworks */,
				49B087CE1AA188B000147015 /* libMapbox.a in Frameworks */,
			);
			runOnlyForDeploymentPostprocessing = 0;
		};
		49B0877F1AA1889700147015 /* Frameworks */ = {
			isa = PBXFrameworksBuildPhase;
			buildActionMask = 2147483647;
			files = (
			);
			runOnlyForDeploymentPostprocessing = 0;
		};
/* End PBXFrameworksBuildPhase section */

/* Begin PBXGroup section */
		49B0875D1AA1889600147015 = {
			isa = PBXGroup;
			children = (
				49B087D61AA1899200147015 /* libsqlite3.dylib */,
				49B087921AA188B000147015 /* Mapbox */,
				49B087681AA1889600147015 /* Surveyor */,
				49B087851AA1889700147015 /* SurveyorTests */,
				49B087671AA1889600147015 /* Products */,
			);
			sourceTree = "<group>";
		};
		49B087671AA1889600147015 /* Products */ = {
			isa = PBXGroup;
			children = (
				49B087661AA1889600147015 /* Surveyor.app */,
				49B087821AA1889700147015 /* SurveyorTests.xctest */,
			);
			name = Products;
			sourceTree = "<group>";
		};
		49B087681AA1889600147015 /* Surveyor */ = {
			isa = PBXGroup;
			children = (
				49B087D01AA188DF00147015 /* GpsInterface.h */,
				49B087D11AA188DF00147015 /* GpsInterface.m */,
				49B087D21AA188DF00147015 /* GpsLocation.h */,
				49B087D31AA188DF00147015 /* GpsLocation.m */,
				49B0876D1AA1889700147015 /* AppDelegate.h */,
				49B0876E1AA1889700147015 /* AppDelegate.m */,
				49B087731AA1889700147015 /* ViewController.h */,
				49B087741AA1889700147015 /* ViewController.m */,
				49B087761AA1889700147015 /* Main.storyboard */,
				49B087791AA1889700147015 /* Images.xcassets */,
				49B0877B1AA1889700147015 /* LaunchScreen.xib */,
				49B087701AA1889700147015 /* Surveyor.xcdatamodeld */,
				49B087691AA1889600147015 /* Supporting Files */,
			);
			path = Surveyor;
			sourceTree = "<group>";
		};
		49B087691AA1889600147015 /* Supporting Files */ = {
			isa = PBXGroup;
			children = (
				49B0876A1AA1889600147015 /* Info.plist */,
				49B0876B1AA1889700147015 /* main.m */,
			);
			name = "Supporting Files";
			sourceTree = "<group>";
		};
		49B087851AA1889700147015 /* SurveyorTests */ = {
			isa = PBXGroup;
			children = (
				49B087881AA1889700147015 /* SurveyorTests.m */,
				49B087861AA1889700147015 /* Supporting Files */,
			);
			path = SurveyorTests;
			sourceTree = "<group>";
		};
		49B087861AA1889700147015 /* Supporting Files */ = {
			isa = PBXGroup;
			children = (
				49B087871AA1889700147015 /* Info.plist */,
			);
			name = "Supporting Files";
			sourceTree = "<group>";
		};
		49B087921AA188B000147015 /* Mapbox */ = {
			isa = PBXGroup;
			children = (
				49B087931AA188B000147015 /* Headers */,
				49B087CC1AA188B000147015 /* libMapbox.a */,
				49B087CD1AA188B000147015 /* Mapbox.bundle */,
			);
			path = Mapbox;
			sourceTree = "<group>";
		};
		49B087931AA188B000147015 /* Headers */ = {
			isa = PBXGroup;
			children = (
				49B087941AA188B000147015 /* Mapbox.h */,
				49B087951AA188B000147015 /* RMAbstractMercatorTileSource.h */,
				49B087961AA188B000147015 /* RMAbstractWebMapSource.h */,
				49B087971AA188B000147015 /* RMAnnotation.h */,
				49B087981AA188B000147015 /* RMAttributionViewController.h */,
				49B087991AA188B000147015 /* RMBingSource.h */,
				49B0879A1AA188B000147015 /* RMCacheObject.h */,
				49B0879B1AA188B000147015 /* RMCircle.h */,
				49B0879C1AA188B000147015 /* RMCircleAnnotation.h */,
				49B0879D1AA188B000147015 /* RMCompositeSource.h */,
				49B0879E1AA188B000147015 /* RMConfiguration.h */,
				49B0879F1AA188B000147015 /* RMCoordinateGridSource.h */,
				49B087A01AA188B000147015 /* RMDatabaseCache.h */,
				49B087A11AA188B000147015 /* RMDBMapSource.h */,
				49B087A21AA188B000147015 /* RMFoundation.h */,
				49B087A31AA188B000147015 /* RMFractalTileProjection.h */,
				49B087A41AA188B000147015 /* RMGenericMapSource.h */,
				49B087A51AA188B000147015 /* RMGlobalConstants.h */,
				49B087A61AA188B000147015 /* RMGreatCircleAnnotation.h */,
				49B087A71AA188B000147015 /* RMInteractiveSource.h */,
				49B087A81AA188B000147015 /* RMLoadingTileView.h */,
				49B087A91AA188B000147015 /* RMMapboxSource.h */,
				49B087AA1AA188B000147015 /* RMMapLayer.h */,
				49B087AB1AA188B000147015 /* RMMapOverlayView.h */,
				49B087AC1AA188B000147015 /* RMMapQuestOpenAerialSource.h */,
				49B087AD1AA188B000147015 /* RMMapQuestOSMSource.h */,
				49B087AE1AA188B000147015 /* RMMapScrollView.h */,
				49B087AF1AA188B000147015 /* RMMapTiledLayerView.h */,
				49B087B01AA188B000147015 /* RMMapView.h */,
				49B087B11AA188B000147015 /* RMMapViewDelegate.h */,
				49B087B21AA188B000147015 /* RMMarker.h */,
				49B087B31AA188B000147015 /* RMMBTilesSource.h */,
				49B087B41AA188B000147015 /* RMMemoryCache.h */,
				49B087B51AA188B000147015 /* RMNotifications.h */,
				49B087B61AA188B000147015 /* RMOpenCycleMapSource.h */,
				49B087B71AA188B000147015 /* RMOpenSeaMapLayer.h */,
				49B087B81AA188B000147015 /* RMOpenSeaMapSource.h */,
				49B087B91AA188B000147015 /* RMOpenStreetMapSource.h */,
				49B087BA1AA188B000147015 /* RMPixel.h */,
				49B087BB1AA188B000147015 /* RMPointAnnotation.h */,
				49B087BC1AA188B000147015 /* RMPolygonAnnotation.h */,
				49B087BD1AA188B000147015 /* RMPolylineAnnotation.h */,
				49B087BE1AA188B000147015 /* RMProjection.h */,
				49B087BF1AA188B000147015 /* RMQuadTree.h */,
				49B087C01AA188B000147015 /* RMShape.h */,
				49B087C11AA188B000147015 /* RMShapeAnnotation.h */,
				49B087C21AA188B000147015 /* RMStaticMapView.h */,
				49B087C31AA188B000147015 /* RMTile.h */,
				49B087C41AA188B000147015 /* RMTileCache.h */,
				49B087C51AA188B000147015 /* RMTileCacheDownloadOperation.h */,
				49B087C61AA188B000147015 /* RMTileImage.h */,
				49B087C71AA188B000147015 /* RMTileMillSource.h */,
				49B087C81AA188B000147015 /* RMTileSource.h */,
				49B087C91AA188B000147015 /* RMTileSourcesContainer.h */,
				49B087CA1AA188B000147015 /* RMUserLocation.h */,
				49B087CB1AA188B000147015 /* RMUserTrackingBarButtonItem.h */,
			);
			path = Headers;
			sourceTree = "<group>";
		};
/* End PBXGroup section */

/* Begin PBXNativeTarget section */
		49B087651AA1889600147015 /* Surveyor */ = {
			isa = PBXNativeTarget;
			buildConfigurationList = 49B0878C1AA1889700147015 /* Build configuration list for PBXNativeTarget "Surveyor" */;
			buildPhases = (
				49B087621AA1889600147015 /* Sources */,
				49B087631AA1889600147015 /* Frameworks */,
				49B087641AA1889600147015 /* Resources */,
			);
			buildRules = (
			);
			dependencies = (
			);
			name = Surveyor;
			productName = Surveyor;
			productReference = 49B087661AA1889600147015 /* Surveyor.app */;
			productType = "com.apple.product-type.application";
		};
		49B087811AA1889700147015 /* SurveyorTests */ = {
			isa = PBXNativeTarget;
			buildConfigurationList = 49B0878F1AA1889700147015 /* Build configuration list for PBXNativeTarget "SurveyorTests" */;
			buildPhases = (
				49B0877E1AA1889700147015 /* Sources */,
				49B0877F1AA1889700147015 /* Frameworks */,
				49B087801AA1889700147015 /* Resources */,
			);
			buildRules = (
			);
			dependencies = (
				49B087841AA1889700147015 /* PBXTargetDependency */,
			);
			name = SurveyorTests;
			productName = SurveyorTests;
			productReference = 49B087821AA1889700147015 /* SurveyorTests.xctest */;
			productType = "com.apple.product-type.bundle.unit-test";
		};
/* End PBXNativeTarget section */

/* Begin PBXProject section */
		49B0875E1AA1889600147015 /* Project object */ = {
			isa = PBXProject;
			attributes = {
				LastUpgradeCheck = 0610;
				ORGANIZATIONNAME = AAE;
				TargetAttributes = {
					49B087651AA1889600147015 = {
						CreatedOnToolsVersion = 6.1.1;
					};
					49B087811AA1889700147015 = {
						CreatedOnToolsVersion = 6.1.1;
						TestTargetID = 49B087651AA1889600147015;
					};
				};
			};
			buildConfigurationList = 49B087611AA1889600147015 /* Build configuration list for PBXProject "Surveyor" */;
			compatibilityVersion = "Xcode 3.2";
			developmentRegion = English;
			hasScannedForEncodings = 0;
			knownRegions = (
				en,
				Base,
			);
			mainGroup = 49B0875D1AA1889600147015;
			productRefGroup = 49B087671AA1889600147015 /* Products */;
			projectDirPath = "";
			projectRoot = "";
			targets = (
				49B087651AA1889600147015 /* Surveyor */,
				49B087811AA1889700147015 /* SurveyorTests */,
			);
		};
/* End PBXProject section */

/* Begin PBXResourcesBuildPhase section */
		49B087641AA1889600147015 /* Resources */ = {
			isa = PBXResourcesBuildPhase;
			buildActionMask = 2147483647;
			files = (
				49B087CF1AA188B000147015 /* Mapbox.bundle in Resources */,
				49B087781AA1889700147015 /* Main.storyboard in Resources */,
				49B0877D1AA1889700147015 /* LaunchScreen.xib in Resources */,
				49B0877A1AA1889700147015 /* Images.xcassets in Resources */,
			);
			runOnlyForDeploymentPostprocessing = 0;
		};
		49B087801AA1889700147015 /* Resources */ = {
			isa = PBXResourcesBuildPhase;
			buildActionMask = 2147483647;
			files = (
			);
			runOnlyForDeploymentPostprocessing = 0;
		};
/* End PBXResourcesBuildPhase section */

/* Begin PBXSourcesBuildPhase section */
		49B087621AA1889600147015 /* Sources */ = {
			isa = PBXSourcesBuildPhase;
			buildActionMask = 2147483647;
			files = (
				49B087721AA1889700147015 /* Surveyor.xcdatamodeld in Sources */,
				49B087D51AA188DF00147015 /* GpsLocation.m in Sources */,
				49B0876F1AA1889700147015 /* AppDelegate.m in Sources */,
				49B087D41AA188DF00147015 /* GpsInterface.m in Sources */,
				49B087751AA1889700147015 /* ViewController.m in Sources */,
				49B0876C1AA1889700147015 /* main.m in Sources */,
			);
			runOnlyForDeploymentPostprocessing = 0;
		};
		49B0877E1AA1889700147015 /* Sources */ = {
			isa = PBXSourcesBuildPhase;
			buildActionMask = 2147483647;
			files = (
				49B087891AA1889700147015 /* SurveyorTests.m in Sources */,
			);
			runOnlyForDeploymentPostprocessing = 0;
		};
/* End PBXSourcesBuildPhase section */

/* Begin PBXTargetDependency section */
		49B087841AA1889700147015 /* PBXTargetDependency */ = {
			isa = PBXTargetDependency;
			target = 49B087651AA1889600147015 /* Surveyor */;
			targetProxy = 49B087831AA1889700147015 /* PBXContainerItemProxy */;
		};
/* End PBXTargetDependency section */

/* Begin PBXVariantGroup section */
		49B087761AA1889700147015 /* Main.storyboard */ = {
			isa = PBXVariantGroup;
			children = (
				49B087771AA1889700147015 /* Base */,
			);
			name = Main.storyboard;
			sourceTree = "<group>";
		};
		49B0877B1AA1889700147015 /* LaunchScreen.xib */ = {
			isa = PBXVariantGroup;
			children = (
				49B0877C1AA1889700147015 /* Base */,
			);
			name = LaunchScreen.xib;
			sourceTree = "<group>";
		};
/* End PBXVariantGroup section */

/* Begin XCBuildConfiguration section */
		49B0878A1AA1889700147015 /* Debug */ = {
			isa = XCBuildConfiguration;
			buildSettings = {
				ALWAYS_SEARCH_USER_PATHS = NO;
				CLANG_CXX_LANGUAGE_STANDARD = "gnu++0x";
				CLANG_CXX_LIBRARY = "libc++";
				CLANG_ENABLE_MODULES = YES;
				CLANG_ENABLE_OBJC_ARC = YES;
				CLANG_WARN_BOOL_CONVERSION = YES;
				CLANG_WARN_CONSTANT_CONVERSION = YES;
				CLANG_WARN_DIRECT_OBJC_ISA_USAGE = YES_ERROR;
				CLANG_WARN_EMPTY_BODY = YES;
				CLANG_WARN_ENUM_CONVERSION = YES;
				CLANG_WARN_INT_CONVERSION = YES;
				CLANG_WARN_OBJC_ROOT_CLASS = YES_ERROR;
				CLANG_WARN_UNREACHABLE_CODE = YES;
				CLANG_WARN__DUPLICATE_METHOD_MATCH = YES;
				"CODE_SIGN_IDENTITY[sdk=iphoneos*]" = "iPhone Developer";
				COPY_PHASE_STRIP = NO;
				ENABLE_STRICT_OBJC_MSGSEND = YES;
				GCC_C_LANGUAGE_STANDARD = gnu99;
				GCC_DYNAMIC_NO_PIC = NO;
				GCC_OPTIMIZATION_LEVEL = 0;
				GCC_PREPROCESSOR_DEFINITIONS = (
					"DEBUG=1",
					"$(inherited)",
				);
				GCC_SYMBOLS_PRIVATE_EXTERN = NO;
				GCC_WARN_64_TO_32_BIT_CONVERSION = YES;
				GCC_WARN_ABOUT_RETURN_TYPE = YES_ERROR;
				GCC_WARN_UNDECLARED_SELECTOR = YES;
				GCC_WARN_UNINITIALIZED_AUTOS = YES_AGGRESSIVE;
				GCC_WARN_UNUSED_FUNCTION = YES;
				GCC_WARN_UNUSED_VARIABLE = YES;
				IPHONEOS_DEPLOYMENT_TARGET = 8.1;
				MTL_ENABLE_DEBUG_INFO = YES;
				ONLY_ACTIVE_ARCH = YES;
				SDKROOT = iphoneos;
				TARGETED_DEVICE_FAMILY = "1,2";
			};
			name = Debug;
		};
		49B0878B1AA1889700147015 /* Release */ = {
			isa = XCBuildConfiguration;
			buildSettings = {
				ALWAYS_SEARCH_USER_PATHS = NO;
				CLANG_CXX_LANGUAGE_STANDARD = "gnu++0x";
				CLANG_CXX_LIBRARY = "libc++";
				CLANG_ENABLE_MODULES = YES;
				CLANG_ENABLE_OBJC_ARC = YES;
				CLANG_WARN_BOOL_CONVERSION = YES;
				CLANG_WARN_CONSTANT_CONVERSION = YES;
				CLANG_WARN_DIRECT_OBJC_ISA_USAGE = YES_ERROR;
				CLANG_WARN_EMPTY_BODY = YES;
				CLANG_WARN_ENUM_CONVERSION = YES;
				CLANG_WARN_INT_CONVERSION = YES;
				CLANG_WARN_OBJC_ROOT_CLASS = YES_ERROR;
				CLANG_WARN_UNREACHABLE_CODE = YES;
				CLANG_WARN__DUPLICATE_METHOD_MATCH = YES;
				"CODE_SIGN_IDENTITY[sdk=iphoneos*]" = "iPhone Developer";
				COPY_PHASE_STRIP = YES;
				ENABLE_NS_ASSERTIONS = NO;
				ENABLE_STRICT_OBJC_MSGSEND = YES;
				GCC_C_LANGUAGE_STANDARD = gnu99;
				GCC_WARN_64_TO_32_BIT_CONVERSION = YES;
				GCC_WARN_ABOUT_RETURN_TYPE = YES_ERROR;
				GCC_WARN_UNDECLARED_SELECTOR = YES;
				GCC_WARN_UNINITIALIZED_AUTOS = YES_AGGRESSIVE;
				GCC_WARN_UNUSED_FUNCTION = YES;
				GCC_WARN_UNUSED_VARIABLE = YES;
				IPHONEOS_DEPLOYMENT_TARGET = 8.1;
				MTL_ENABLE_DEBUG_INFO = NO;
				SDKROOT = iphoneos;
				TARGETED_DEVICE_FAMILY = "1,2";
				VALIDATE_PRODUCT = YES;
			};
			name = Release;
		};
		49B0878D1AA1889700147015 /* Debug */ = {
			isa = XCBuildConfiguration;
			buildSettings = {
				ASSETCATALOG_COMPILER_APPICON_NAME = AppIcon;
				INFOPLIST_FILE = Surveyor/Info.plist;
				LD_RUNPATH_SEARCH_PATHS = "$(inherited) @executable_path/Frameworks";
				LIBRARY_SEARCH_PATHS = (
					"$(inherited)",
					"$(PROJECT_DIR)/Mapbox",
				);
				PRODUCT_NAME = "$(TARGET_NAME)";
			};
			name = Debug;
		};
		49B0878E1AA1889700147015 /* Release */ = {
			isa = XCBuildConfiguration;
			buildSettings = {
				ASSETCATALOG_COMPILER_APPICON_NAME = AppIcon;
				INFOPLIST_FILE = Surveyor/Info.plist;
				LD_RUNPATH_SEARCH_PATHS = "$(inherited) @executable_path/Frameworks";
				LIBRARY_SEARCH_PATHS = (
					"$(inherited)",
					"$(PROJECT_DIR)/Mapbox",
				);
				PRODUCT_NAME = "$(TARGET_NAME)";
			};
			name = Release;
		};
		49B087901AA1889700147015 /* Debug */ = {
			isa = XCBuildConfiguration;
			buildSettings = {
				BUNDLE_LOADER = "$(TEST_HOST)";
				FRAMEWORK_SEARCH_PATHS = (
					"$(SDKROOT)/Developer/Library/Frameworks",
					"$(inherited)",
				);
				GCC_PREPROCESSOR_DEFINITIONS = (
					"DEBUG=1",
					"$(inherited)",
				);
				INFOPLIST_FILE = SurveyorTests/Info.plist;
				LD_RUNPATH_SEARCH_PATHS = "$(inherited) @executable_path/Frameworks @loader_path/Frameworks";
				PRODUCT_NAME = "$(TARGET_NAME)";
				TEST_HOST = "$(BUILT_PRODUCTS_DIR)/Surveyor.app/Surveyor";
			};
			name = Debug;
		};
		49B087911AA1889700147015 /* Release */ = {
			isa = XCBuildConfiguration;
			buildSettings = {
				BUNDLE_LOADER = "$(TEST_HOST)";
				FRAMEWORK_SEARCH_PATHS = (
					"$(SDKROOT)/Developer/Library/Frameworks",
					"$(inherited)",
				);
				INFOPLIST_FILE = SurveyorTests/Info.plist;
				LD_RUNPATH_SEARCH_PATHS = "$(inherited) @executable_path/Frameworks @loader_path/Frameworks";
				PRODUCT_NAME = "$(TARGET_NAME)";
				TEST_HOST = "$(BUILT_PRODUCTS_DIR)/Surveyor.app/Surveyor";
			};
			name = Release;
		};
/* End XCBuildConfiguration section */

/* Begin XCConfigurationList section */
		49B087611AA1889600147015 /* Build configuration list for PBXProject "Surveyor" */ = {
			isa = XCConfigurationList;
			buildConfigurations = (
				49B0878A1AA1889700147015 /* Debug */,
				49B0878B1AA1889700147015 /* Release */,
			);
			defaultConfigurationIsVisible = 0;
			defaultConfigurationName = Release;
		};
		49B0878C1AA1889700147015 /* Build configuration list for PBXNativeTarget "Surveyor" */ = {
			isa = XCConfigurationList;
			buildConfigurations = (
				49B0878D1AA1889700147015 /* Debug */,
				49B0878E1AA1889700147015 /* Release */,
			);
			defaultConfigurationIsVisible = 0;
		};
		49B0878F1AA1889700147015 /* Build configuration list for PBXNativeTarget "SurveyorTests" */ = {
			isa = XCConfigurationList;
			buildConfigurations = (
				49B087901AA1889700147015 /* Debug */,
				49B087911AA1889700147015 /* Release */,
			);
			defaultConfigurationIsVisible = 0;
		};
/* End XCConfigurationList section */

/* Begin XCVersionGroup section */
		49B087701AA1889700147015 /* Surveyor.xcdatamodeld */ = {
			isa = XCVersionGroup;
			children = (
				49B087711AA1889700147015 /* Surveyor.xcdatamodel */,
			);
			currentVersion = 49B087711AA1889700147015 /* Surveyor.xcdatamodel */;
			path = Surveyor.xcdatamodeld;
			sourceTree = "<group>";
			versionGroupType = wrapper.xcdatamodel;
		};
/* End XCVersionGroup section */
	};
	rootObject = 49B0875E1AA1889600147015 /* Project object */;
}
