// !$*UTF8*$!
{
	archiveVersion = 1;
	classes = {
	};
	objectVersion = 46;
	objects = {

/* Begin PBXBuildFile section */
		49A1660A1C66C17300E000B5 /* Fabric.framework in Frameworks */ = {isa = PBXBuildFile; fileRef = 49A166081C66C17300E000B5 /* Fabric.framework */; };
		49A1660B1C66C17300E000B5 /* Crashlytics.framework in Frameworks */ = {isa = PBXBuildFile; fileRef = 49A166091C66C17300E000B5 /* Crashlytics.framework */; };
		49A1660F1C66C1C000E000B5 /* Mapbox.framework in Frameworks */ = {isa = PBXBuildFile; fileRef = 49A1660C1C66C1C000E000B5 /* Mapbox.framework */; };
		49A166101C66C1C000E000B5 /* Mapbox.bundle in Resources */ = {isa = PBXBuildFile; fileRef = 49A1660D1C66C1C000E000B5 /* Mapbox.bundle */; };
		49A166111C66C1C000E000B5 /* Settings.bundle in Resources */ = {isa = PBXBuildFile; fileRef = 49A1660E1C66C1C000E000B5 /* Settings.bundle */; };
		49A166151C66D2EF00E000B5 /* 01_us_states.geojson in Resources */ = {isa = PBXBuildFile; fileRef = 49A166131C66D2EF00E000B5 /* 01_us_states.geojson */; };
		49A166161C66D2EF00E000B5 /* 02_canada_provinces.geojson in Resources */ = {isa = PBXBuildFile; fileRef = 49A166141C66D2EF00E000B5 /* 02_canada_provinces.geojson */; };
		49A166221C67AA3F00E000B5 /* NmeaParser.c in Sources */ = {isa = PBXBuildFile; fileRef = 49A1661E1C67AA3F00E000B5 /* NmeaParser.c */; };
		49A166231C67AA3F00E000B5 /* PvtManager.c in Sources */ = {isa = PBXBuildFile; fileRef = 49A166201C67AA3F00E000B5 /* PvtManager.c */; };
		49A1662B1C67DFD400E000B5 /* GpsEvent.m in Sources */ = {isa = PBXBuildFile; fileRef = 49A166261C67DFD400E000B5 /* GpsEvent.m */; };
		49A1662C1C67DFD400E000B5 /* GpsInterface.m in Sources */ = {isa = PBXBuildFile; fileRef = 49A166281C67DFD400E000B5 /* GpsInterface.m */; };
		49A1662D1C67DFD400E000B5 /* GpsReceiver.m in Sources */ = {isa = PBXBuildFile; fileRef = 49A1662A1C67DFD400E000B5 /* GpsReceiver.m */; };
		49B0876C1AA1889700147015 /* main.m in Sources */ = {isa = PBXBuildFile; fileRef = 49B0876B1AA1889700147015 /* main.m */; };
		49B0876F1AA1889700147015 /* AppDelegate.m in Sources */ = {isa = PBXBuildFile; fileRef = 49B0876E1AA1889700147015 /* AppDelegate.m */; };
		49B087751AA1889700147015 /* ViewController.m in Sources */ = {isa = PBXBuildFile; fileRef = 49B087741AA1889700147015 /* ViewController.m */; };
		49B087781AA1889700147015 /* Main.storyboard in Resources */ = {isa = PBXBuildFile; fileRef = 49B087761AA1889700147015 /* Main.storyboard */; };
		49B0877A1AA1889700147015 /* Images.xcassets in Resources */ = {isa = PBXBuildFile; fileRef = 49B087791AA1889700147015 /* Images.xcassets */; };
		49B0877D1AA1889700147015 /* LaunchScreen.xib in Resources */ = {isa = PBXBuildFile; fileRef = 49B0877B1AA1889700147015 /* LaunchScreen.xib */; };
		49B087891AA1889700147015 /* SurveyorTests.m in Sources */ = {isa = PBXBuildFile; fileRef = 49B087881AA1889700147015 /* SurveyorTests.m */; };
/* End PBXBuildFile section */

/* Begin PBXContainerItemProxy section */
		49B087831AA1889700147015 /* PBXContainerItemProxy */ = {
			isa = PBXContainerItemProxy;
			containerPortal = 49B0875E1AA1889600147015 /* Project object */;
			proxyType = 1;
			remoteGlobalIDString = 49B087651AA1889600147015;
			remoteInfo = Surveyor;
		};
/* End PBXContainerItemProxy section */

/* Begin PBXFileReference section */
		49A166081C66C17300E000B5 /* Fabric.framework */ = {isa = PBXFileReference; lastKnownFileType = wrapper.framework; path = Fabric.framework; sourceTree = "<group>"; };
		49A166091C66C17300E000B5 /* Crashlytics.framework */ = {isa = PBXFileReference; lastKnownFileType = wrapper.framework; path = Crashlytics.framework; sourceTree = "<group>"; };
		49A1660C1C66C1C000E000B5 /* Mapbox.framework */ = {isa = PBXFileReference; lastKnownFileType = wrapper.framework; path = Mapbox.framework; sourceTree = "<group>"; };
		49A1660D1C66C1C000E000B5 /* Mapbox.bundle */ = {isa = PBXFileReference; lastKnownFileType = "wrapper.plug-in"; name = Mapbox.bundle; path = Mapbox.framework/Mapbox.bundle; sourceTree = "<group>"; };
		49A1660E1C66C1C000E000B5 /* Settings.bundle */ = {isa = PBXFileReference; lastKnownFileType = "wrapper.plug-in"; name = Settings.bundle; path = Mapbox.framework/Settings.bundle; sourceTree = "<group>"; };
		49A166131C66D2EF00E000B5 /* 01_us_states.geojson */ = {isa = PBXFileReference; fileEncoding = 4; lastKnownFileType = text; path = 01_us_states.geojson; sourceTree = "<group>"; };
		49A166141C66D2EF00E000B5 /* 02_canada_provinces.geojson */ = {isa = PBXFileReference; fileEncoding = 4; lastKnownFileType = text; path = 02_canada_provinces.geojson; sourceTree = "<group>"; };
		49A1661E1C67AA3F00E000B5 /* NmeaParser.c */ = {isa = PBXFileReference; fileEncoding = 4; lastKnownFileType = sourcecode.c.c; path = NmeaParser.c; sourceTree = "<group>"; };
		49A1661F1C67AA3F00E000B5 /* NmeaParser.h */ = {isa = PBXFileReference; fileEncoding = 4; lastKnownFileType = sourcecode.c.h; path = NmeaParser.h; sourceTree = "<group>"; };
		49A166201C67AA3F00E000B5 /* PvtManager.c */ = {isa = PBXFileReference; fileEncoding = 4; lastKnownFileType = sourcecode.c.c; path = PvtManager.c; sourceTree = "<group>"; };
		49A166211C67AA3F00E000B5 /* PvtManager.h */ = {isa = PBXFileReference; fileEncoding = 4; lastKnownFileType = sourcecode.c.h; path = PvtManager.h; sourceTree = "<group>"; };
		49A166251C67DFD400E000B5 /* GpsEvent.h */ = {isa = PBXFileReference; fileEncoding = 4; lastKnownFileType = sourcecode.c.h; path = GpsEvent.h; sourceTree = "<group>"; };
		49A166261C67DFD400E000B5 /* GpsEvent.m */ = {isa = PBXFileReference; fileEncoding = 4; lastKnownFileType = sourcecode.c.objc; path = GpsEvent.m; sourceTree = "<group>"; };
		49A166271C67DFD400E000B5 /* GpsInterface.h */ = {isa = PBXFileReference; fileEncoding = 4; lastKnownFileType = sourcecode.c.h; path = GpsInterface.h; sourceTree = "<group>"; };
		49A166281C67DFD400E000B5 /* GpsInterface.m */ = {isa = PBXFileReference; fileEncoding = 4; lastKnownFileType = sourcecode.c.objc; path = GpsInterface.m; sourceTree = "<group>"; };
		49A166291C67DFD400E000B5 /* GpsReceiver.h */ = {isa = PBXFileReference; fileEncoding = 4; lastKnownFileType = sourcecode.c.h; path = GpsReceiver.h; sourceTree = "<group>"; };
		49A1662A1C67DFD400E000B5 /* GpsReceiver.m */ = {isa = PBXFileReference; fileEncoding = 4; lastKnownFileType = sourcecode.c.objc; path = GpsReceiver.m; sourceTree = "<group>"; };
		49B087661AA1889600147015 /* Surveyor.app */ = {isa = PBXFileReference; explicitFileType = wrapper.application; includeInIndex = 0; path = Surveyor.app; sourceTree = BUILT_PRODUCTS_DIR; };
		49B0876A1AA1889600147015 /* Info.plist */ = {isa = PBXFileReference; lastKnownFileType = text.plist.xml; path = Info.plist; sourceTree = "<group>"; };
		49B0876B1AA1889700147015 /* main.m */ = {isa = PBXFileReference; lastKnownFileType = sourcecode.c.objc; path = main.m; sourceTree = "<group>"; };
		49B0876D1AA1889700147015 /* AppDelegate.h */ = {isa = PBXFileReference; lastKnownFileType = sourcecode.c.h; path = AppDelegate.h; sourceTree = "<group>"; };
		49B0876E1AA1889700147015 /* AppDelegate.m */ = {isa = PBXFileReference; lastKnownFileType = sourcecode.c.objc; path = AppDelegate.m; sourceTree = "<group>"; };
		49B087731AA1889700147015 /* ViewController.h */ = {isa = PBXFileReference; lastKnownFileType = sourcecode.c.h; path = ViewController.h; sourceTree = "<group>"; };
		49B087741AA1889700147015 /* ViewController.m */ = {isa = PBXFileReference; lastKnownFileType = sourcecode.c.objc; path = ViewController.m; sourceTree = "<group>"; };
		49B087771AA1889700147015 /* Base */ = {isa = PBXFileReference; lastKnownFileType = file.storyboard; name = Base; path = Base.lproj/Main.storyboard; sourceTree = "<group>"; };
		49B087791AA1889700147015 /* Images.xcassets */ = {isa = PBXFileReference; lastKnownFileType = folder.assetcatalog; path = Images.xcassets; sourceTree = "<group>"; };
		49B0877C1AA1889700147015 /* Base */ = {isa = PBXFileReference; lastKnownFileType = file.xib; name = Base; path = Base.lproj/LaunchScreen.xib; sourceTree = "<group>"; };
		49B087821AA1889700147015 /* SurveyorTests.xctest */ = {isa = PBXFileReference; explicitFileType = wrapper.cfbundle; includeInIndex = 0; path = SurveyorTests.xctest; sourceTree = BUILT_PRODUCTS_DIR; };
		49B087871AA1889700147015 /* Info.plist */ = {isa = PBXFileReference; lastKnownFileType = text.plist.xml; path = Info.plist; sourceTree = "<group>"; };
		49B087881AA1889700147015 /* SurveyorTests.m */ = {isa = PBXFileReference; lastKnownFileType = sourcecode.c.objc; path = SurveyorTests.m; sourceTree = "<group>"; };
/* End PBXFileReference section */

/* Begin PBXFrameworksBuildPhase section */
		49B087631AA1889600147015 /* Frameworks */ = {
			isa = PBXFrameworksBuildPhase;
			buildActionMask = 2147483647;
			files = (
				49A1660B1C66C17300E000B5 /* Crashlytics.framework in Frameworks */,
				49A1660A1C66C17300E000B5 /* Fabric.framework in Frameworks */,
				49A1660F1C66C1C000E000B5 /* Mapbox.framework in Frameworks */,
			);
			runOnlyForDeploymentPostprocessing = 0;
		};
		49B0877F1AA1889700147015 /* Frameworks */ = {
			isa = PBXFrameworksBuildPhase;
			buildActionMask = 2147483647;
			files = (
			);
			runOnlyForDeploymentPostprocessing = 0;
		};
/* End PBXFrameworksBuildPhase section */

/* Begin PBXGroup section */
		49A166121C66D2EF00E000B5 /* geojson */ = {
			isa = PBXGroup;
			children = (
				49A166131C66D2EF00E000B5 /* 01_us_states.geojson */,
				49A166141C66D2EF00E000B5 /* 02_canada_provinces.geojson */,
			);
			path = geojson;
			sourceTree = "<group>";
		};
		49A1661D1C67AA3F00E000B5 /* nmealib */ = {
			isa = PBXGroup;
			children = (
				49A1661E1C67AA3F00E000B5 /* NmeaParser.c */,
				49A1661F1C67AA3F00E000B5 /* NmeaParser.h */,
				49A166201C67AA3F00E000B5 /* PvtManager.c */,
				49A166211C67AA3F00E000B5 /* PvtManager.h */,
			);
			name = nmealib;
			path = Surveyor/nmealib;
			sourceTree = "<group>";
		};
		49A166241C67DFD400E000B5 /* GpsInterface */ = {
			isa = PBXGroup;
			children = (
				49A166251C67DFD400E000B5 /* GpsEvent.h */,
				49A166261C67DFD400E000B5 /* GpsEvent.m */,
				49A166271C67DFD400E000B5 /* GpsInterface.h */,
				49A166281C67DFD400E000B5 /* GpsInterface.m */,
				49A166291C67DFD400E000B5 /* GpsReceiver.h */,
				49A1662A1C67DFD400E000B5 /* GpsReceiver.m */,
			);
			path = GpsInterface;
			sourceTree = "<group>";
		};
		49B0875D1AA1889600147015 = {
			isa = PBXGroup;
			children = (
				49A1661D1C67AA3F00E000B5 /* nmealib */,
				49A166121C66D2EF00E000B5 /* geojson */,
				49A1660C1C66C1C000E000B5 /* Mapbox.framework */,
				49A1660D1C66C1C000E000B5 /* Mapbox.bundle */,
				49A1660E1C66C1C000E000B5 /* Settings.bundle */,
				49A166081C66C17300E000B5 /* Fabric.framework */,
				49A166091C66C17300E000B5 /* Crashlytics.framework */,
				49B087681AA1889600147015 /* Surveyor */,
				49B087851AA1889700147015 /* SurveyorTests */,
				49B087671AA1889600147015 /* Products */,
			);
			sourceTree = "<group>";
		};
		49B087671AA1889600147015 /* Products */ = {
			isa = PBXGroup;
			children = (
				49B087661AA1889600147015 /* Surveyor.app */,
				49B087821AA1889700147015 /* SurveyorTests.xctest */,
			);
			name = Products;
			sourceTree = "<group>";
		};
		49B087681AA1889600147015 /* Surveyor */ = {
			isa = PBXGroup;
			children = (
				49A166241C67DFD400E000B5 /* GpsInterface */,
				49B0876D1AA1889700147015 /* AppDelegate.h */,
				49B0876E1AA1889700147015 /* AppDelegate.m */,
				49B087731AA1889700147015 /* ViewController.h */,
				49B087741AA1889700147015 /* ViewController.m */,
				49B087761AA1889700147015 /* Main.storyboard */,
				49B087791AA1889700147015 /* Images.xcassets */,
				49B0877B1AA1889700147015 /* LaunchScreen.xib */,
				49B087691AA1889600147015 /* Supporting Files */,
			);
			path = Surveyor;
			sourceTree = "<group>";
		};
		49B087691AA1889600147015 /* Supporting Files */ = {
			isa = PBXGroup;
			children = (
				49B0876A1AA1889600147015 /* Info.plist */,
				49B0876B1AA1889700147015 /* main.m */,
			);
			name = "Supporting Files";
			sourceTree = "<group>";
		};
		49B087851AA1889700147015 /* SurveyorTests */ = {
			isa = PBXGroup;
			children = (
				49B087881AA1889700147015 /* SurveyorTests.m */,
				49B087861AA1889700147015 /* Supporting Files */,
			);
			path = SurveyorTests;
			sourceTree = "<group>";
		};
		49B087861AA1889700147015 /* Supporting Files */ = {
			isa = PBXGroup;
			children = (
				49B087871AA1889700147015 /* Info.plist */,
			);
			name = "Supporting Files";
			sourceTree = "<group>";
		};
/* End PBXGroup section */

/* Begin PBXNativeTarget section */
		49B087651AA1889600147015 /* Surveyor */ = {
			isa = PBXNativeTarget;
			buildConfigurationList = 49B0878C1AA1889700147015 /* Build configuration list for PBXNativeTarget "Surveyor" */;
			buildPhases = (
				49B087621AA1889600147015 /* Sources */,
				49B087631AA1889600147015 /* Frameworks */,
				49B087641AA1889600147015 /* Resources */,
				49A166071C66C16800E000B5 /* ShellScript */,
			);
			buildRules = (
			);
			dependencies = (
			);
			name = Surveyor;
			productName = Surveyor;
			productReference = 49B087661AA1889600147015 /* Surveyor.app */;
			productType = "com.apple.product-type.application";
		};
		49B087811AA1889700147015 /* SurveyorTests */ = {
			isa = PBXNativeTarget;
			buildConfigurationList = 49B0878F1AA1889700147015 /* Build configuration list for PBXNativeTarget "SurveyorTests" */;
			buildPhases = (
				49B0877E1AA1889700147015 /* Sources */,
				49B0877F1AA1889700147015 /* Frameworks */,
				49B087801AA1889700147015 /* Resources */,
			);
			buildRules = (
			);
			dependencies = (
				49B087841AA1889700147015 /* PBXTargetDependency */,
			);
			name = SurveyorTests;
			productName = SurveyorTests;
			productReference = 49B087821AA1889700147015 /* SurveyorTests.xctest */;
			productType = "com.apple.product-type.bundle.unit-test";
		};
/* End PBXNativeTarget section */

/* Begin PBXProject section */
		49B0875E1AA1889600147015 /* Project object */ = {
			isa = PBXProject;
			attributes = {
				LastUpgradeCheck = 0610;
				ORGANIZATIONNAME = AAE;
				TargetAttributes = {
					49B087651AA1889600147015 = {
						CreatedOnToolsVersion = 6.1.1;
					};
					49B087811AA1889700147015 = {
						CreatedOnToolsVersion = 6.1.1;
						TestTargetID = 49B087651AA1889600147015;
					};
				};
			};
			buildConfigurationList = 49B087611AA1889600147015 /* Build configuration list for PBXProject "Surveyor" */;
			compatibilityVersion = "Xcode 3.2";
			developmentRegion = English;
			hasScannedForEncodings = 0;
			knownRegions = (
				en,
				Base,
			);
			mainGroup = 49B0875D1AA1889600147015;
			productRefGroup = 49B087671AA1889600147015 /* Products */;
			projectDirPath = "";
			projectRoot = "";
			targets = (
				49B087651AA1889600147015 /* Surveyor */,
				49B087811AA1889700147015 /* SurveyorTests */,
			);
		};
/* End PBXProject section */

/* Begin PBXResourcesBuildPhase section */
		49B087641AA1889600147015 /* Resources */ = {
			isa = PBXResourcesBuildPhase;
			buildActionMask = 2147483647;
			files = (
				49A166101C66C1C000E000B5 /* Mapbox.bundle in Resources */,
				49B087781AA1889700147015 /* Main.storyboard in Resources */,
				49A166151C66D2EF00E000B5 /* 01_us_states.geojson in Resources */,
				49A166111C66C1C000E000B5 /* Settings.bundle in Resources */,
				49B0877D1AA1889700147015 /* LaunchScreen.xib in Resources */,
				49B0877A1AA1889700147015 /* Images.xcassets in Resources */,
				49A166161C66D2EF00E000B5 /* 02_canada_provinces.geojson in Resources */,
			);
			runOnlyForDeploymentPostprocessing = 0;
		};
		49B087801AA1889700147015 /* Resources */ = {
			isa = PBXResourcesBuildPhase;
			buildActionMask = 2147483647;
			files = (
			);
			runOnlyForDeploymentPostprocessing = 0;
		};
/* End PBXResourcesBuildPhase section */

/* Begin PBXShellScriptBuildPhase section */
		49A166071C66C16800E000B5 /* ShellScript */ = {
			isa = PBXShellScriptBuildPhase;
			buildActionMask = 2147483647;
			files = (
			);
			inputPaths = (
			);
			outputPaths = (
			);
			runOnlyForDeploymentPostprocessing = 0;
			shellPath = /bin/sh;
			shellScript = "./Fabric.framework/run 9d0dd532a99dee94eb7938de0d218f020ee23872 a9de7e19e72a4f8793c66bc5b27d5c14788f63d42ff9e4d76aa4d8570f34468f";
		};
/* End PBXShellScriptBuildPhase section */

/* Begin PBXSourcesBuildPhase section */
		49B087621AA1889600147015 /* Sources */ = {
			isa = PBXSourcesBuildPhase;
			buildActionMask = 2147483647;
			files = (
				49B0876F1AA1889700147015 /* AppDelegate.m in Sources */,
				49A166231C67AA3F00E000B5 /* PvtManager.c in Sources */,
				49B087751AA1889700147015 /* ViewController.m in Sources */,
				49A1662B1C67DFD400E000B5 /* GpsEvent.m in Sources */,
				49A1662C1C67DFD400E000B5 /* GpsInterface.m in Sources */,
				49A166221C67AA3F00E000B5 /* NmeaParser.c in Sources */,
				49B0876C1AA1889700147015 /* main.m in Sources */,
				49A1662D1C67DFD400E000B5 /* GpsReceiver.m in Sources */,
			);
			runOnlyForDeploymentPostprocessing = 0;
		};
		49B0877E1AA1889700147015 /* Sources */ = {
			isa = PBXSourcesBuildPhase;
			buildActionMask = 2147483647;
			files = (
				49B087891AA1889700147015 /* SurveyorTests.m in Sources */,
			);
			runOnlyForDeploymentPostprocessing = 0;
		};
/* End PBXSourcesBuildPhase section */

/* Begin PBXTargetDependency section */
		49B087841AA1889700147015 /* PBXTargetDependency */ = {
			isa = PBXTargetDependency;
			target = 49B087651AA1889600147015 /* Surveyor */;
			targetProxy = 49B087831AA1889700147015 /* PBXContainerItemProxy */;
		};
/* End PBXTargetDependency section */

/* Begin PBXVariantGroup section */
		49B087761AA1889700147015 /* Main.storyboard */ = {
			isa = PBXVariantGroup;
			children = (
				49B087771AA1889700147015 /* Base */,
			);
			name = Main.storyboard;
			sourceTree = "<group>";
		};
		49B0877B1AA1889700147015 /* LaunchScreen.xib */ = {
			isa = PBXVariantGroup;
			children = (
				49B0877C1AA1889700147015 /* Base */,
			);
			name = LaunchScreen.xib;
			sourceTree = "<group>";
		};
/* End PBXVariantGroup section */

/* Begin XCBuildConfiguration section */
		49B0878A1AA1889700147015 /* Debug */ = {
			isa = XCBuildConfiguration;
			buildSettings = {
				ALWAYS_SEARCH_USER_PATHS = NO;
				CLANG_CXX_LANGUAGE_STANDARD = "gnu++0x";
				CLANG_CXX_LIBRARY = "libc++";
				CLANG_ENABLE_MODULES = YES;
				CLANG_ENABLE_OBJC_ARC = YES;
				CLANG_WARN_BOOL_CONVERSION = YES;
				CLANG_WARN_CONSTANT_CONVERSION = YES;
				CLANG_WARN_DIRECT_OBJC_ISA_USAGE = YES_ERROR;
				CLANG_WARN_EMPTY_BODY = YES;
				CLANG_WARN_ENUM_CONVERSION = YES;
				CLANG_WARN_INT_CONVERSION = YES;
				CLANG_WARN_OBJC_ROOT_CLASS = YES_ERROR;
				CLANG_WARN_UNREACHABLE_CODE = YES;
				CLANG_WARN__DUPLICATE_METHOD_MATCH = YES;
				"CODE_SIGN_IDENTITY[sdk=iphoneos*]" = "iPhone Developer";
				COPY_PHASE_STRIP = NO;
				ENABLE_STRICT_OBJC_MSGSEND = YES;
				GCC_C_LANGUAGE_STANDARD = gnu99;
				GCC_DYNAMIC_NO_PIC = NO;
				GCC_OPTIMIZATION_LEVEL = 0;
				GCC_PREPROCESSOR_DEFINITIONS = (
					"DEBUG=1",
					"$(inherited)",
				);
				GCC_SYMBOLS_PRIVATE_EXTERN = NO;
				GCC_WARN_64_TO_32_BIT_CONVERSION = YES;
				GCC_WARN_ABOUT_RETURN_TYPE = YES_ERROR;
				GCC_WARN_UNDECLARED_SELECTOR = YES;
				GCC_WARN_UNINITIALIZED_AUTOS = YES_AGGRESSIVE;
				GCC_WARN_UNUSED_FUNCTION = YES;
				GCC_WARN_UNUSED_VARIABLE = YES;
				IPHONEOS_DEPLOYMENT_TARGET = 8.1;
				MTL_ENABLE_DEBUG_INFO = YES;
				ONLY_ACTIVE_ARCH = YES;
				SDKROOT = iphoneos;
				TARGETED_DEVICE_FAMILY = "1,2";
			};
			name = Debug;
		};
		49B0878B1AA1889700147015 /* Release */ = {
			isa = XCBuildConfiguration;
			buildSettings = {
				ALWAYS_SEARCH_USER_PATHS = NO;
				CLANG_CXX_LANGUAGE_STANDARD = "gnu++0x";
				CLANG_CXX_LIBRARY = "libc++";
				CLANG_ENABLE_MODULES = YES;
				CLANG_ENABLE_OBJC_ARC = YES;
				CLANG_WARN_BOOL_CONVERSION = YES;
				CLANG_WARN_CONSTANT_CONVERSION = YES;
				CLANG_WARN_DIRECT_OBJC_ISA_USAGE = YES_ERROR;
				CLANG_WARN_EMPTY_BODY = YES;
				CLANG_WARN_ENUM_CONVERSION = YES;
				CLANG_WARN_INT_CONVERSION = YES;
				CLANG_WARN_OBJC_ROOT_CLASS = YES_ERROR;
				CLANG_WARN_UNREACHABLE_CODE = YES;
				CLANG_WARN__DUPLICATE_METHOD_MATCH = YES;
				"CODE_SIGN_IDENTITY[sdk=iphoneos*]" = "iPhone Developer";
				COPY_PHASE_STRIP = YES;
				ENABLE_NS_ASSERTIONS = NO;
				ENABLE_STRICT_OBJC_MSGSEND = YES;
				GCC_C_LANGUAGE_STANDARD = gnu99;
				GCC_WARN_64_TO_32_BIT_CONVERSION = YES;
				GCC_WARN_ABOUT_RETURN_TYPE = YES_ERROR;
				GCC_WARN_UNDECLARED_SELECTOR = YES;
				GCC_WARN_UNINITIALIZED_AUTOS = YES_AGGRESSIVE;
				GCC_WARN_UNUSED_FUNCTION = YES;
				GCC_WARN_UNUSED_VARIABLE = YES;
				IPHONEOS_DEPLOYMENT_TARGET = 8.1;
				MTL_ENABLE_DEBUG_INFO = NO;
				SDKROOT = iphoneos;
				TARGETED_DEVICE_FAMILY = "1,2";
				VALIDATE_PRODUCT = YES;
			};
			name = Release;
		};
		49B0878D1AA1889700147015 /* Debug */ = {
			isa = XCBuildConfiguration;
			buildSettings = {
				ASSETCATALOG_COMPILER_APPICON_NAME = AppIcon;
				FRAMEWORK_SEARCH_PATHS = (
					"$(inherited)",
					"$(PROJECT_DIR)",
				);
				INFOPLIST_FILE = Surveyor/Info.plist;
				LD_RUNPATH_SEARCH_PATHS = "$(inherited) @executable_path/Frameworks";
				LIBRARY_SEARCH_PATHS = (
					"$(inherited)",
					"$(PROJECT_DIR)/Mapbox",
				);
				PRODUCT_NAME = "$(TARGET_NAME)";
			};
			name = Debug;
		};
		49B0878E1AA1889700147015 /* Release */ = {
			isa = XCBuildConfiguration;
			buildSettings = {
				ASSETCATALOG_COMPILER_APPICON_NAME = AppIcon;
				FRAMEWORK_SEARCH_PATHS = (
					"$(inherited)",
					"$(PROJECT_DIR)",
				);
				INFOPLIST_FILE = Surveyor/Info.plist;
				LD_RUNPATH_SEARCH_PATHS = "$(inherited) @executable_path/Frameworks";
				LIBRARY_SEARCH_PATHS = (
					"$(inherited)",
					"$(PROJECT_DIR)/Mapbox",
				);
				PRODUCT_NAME = "$(TARGET_NAME)";
			};
			name = Release;
		};
		49B087901AA1889700147015 /* Debug */ = {
			isa = XCBuildConfiguration;
			buildSettings = {
				BUNDLE_LOADER = "$(TEST_HOST)";
				FRAMEWORK_SEARCH_PATHS = (
					"$(SDKROOT)/Developer/Library/Frameworks",
					"$(inherited)",
				);
				GCC_PREPROCESSOR_DEFINITIONS = (
					"DEBUG=1",
					"$(inherited)",
				);
				INFOPLIST_FILE = SurveyorTests/Info.plist;
				LD_RUNPATH_SEARCH_PATHS = "$(inherited) @executable_path/Frameworks @loader_path/Frameworks";
				PRODUCT_NAME = "$(TARGET_NAME)";
				TEST_HOST = "$(BUILT_PRODUCTS_DIR)/Surveyor.app/Surveyor";
			};
			name = Debug;
		};
		49B087911AA1889700147015 /* Release */ = {
			isa = XCBuildConfiguration;
			buildSettings = {
				BUNDLE_LOADER = "$(TEST_HOST)";
				FRAMEWORK_SEARCH_PATHS = (
					"$(SDKROOT)/Developer/Library/Frameworks",
					"$(inherited)",
				);
				INFOPLIST_FILE = SurveyorTests/Info.plist;
				LD_RUNPATH_SEARCH_PATHS = "$(inherited) @executable_path/Frameworks @loader_path/Frameworks";
				PRODUCT_NAME = "$(TARGET_NAME)";
				TEST_HOST = "$(BUILT_PRODUCTS_DIR)/Surveyor.app/Surveyor";
			};
			name = Release;
		};
/* End XCBuildConfiguration section */

/* Begin XCConfigurationList section */
		49B087611AA1889600147015 /* Build configuration list for PBXProject "Surveyor" */ = {
			isa = XCConfigurationList;
			buildConfigurations = (
				49B0878A1AA1889700147015 /* Debug */,
				49B0878B1AA1889700147015 /* Release */,
			);
			defaultConfigurationIsVisible = 0;
			defaultConfigurationName = Release;
		};
		49B0878C1AA1889700147015 /* Build configuration list for PBXNativeTarget "Surveyor" */ = {
			isa = XCConfigurationList;
			buildConfigurations = (
				49B0878D1AA1889700147015 /* Debug */,
				49B0878E1AA1889700147015 /* Release */,
			);
			defaultConfigurationIsVisible = 0;
			defaultConfigurationName = Release;
		};
		49B0878F1AA1889700147015 /* Build configuration list for PBXNativeTarget "SurveyorTests" */ = {
			isa = XCConfigurationList;
			buildConfigurations = (
				49B087901AA1889700147015 /* Debug */,
				49B087911AA1889700147015 /* Release */,
			);
			defaultConfigurationIsVisible = 0;
			defaultConfigurationName = Release;
		};
/* End XCConfigurationList section */
	};
	rootObject = 49B0875E1AA1889600147015 /* Project object */;
}
